// !$*UTF8*$!
{
	archiveVersion = 1;
	classes = {
	};
	objectVersion = 55;
	objects = {

/* Begin PBXBuildFile section */
		5A1D501B2747DF9600A2CCB9 /* FantasyUI.docc in Sources */ = {isa = PBXBuildFile; fileRef = 5A1D501A2747DF9600A2CCB9 /* FantasyUI.docc */; };
		5A1D50212747DF9600A2CCB9 /* FantasyUI.framework in Frameworks */ = {isa = PBXBuildFile; fileRef = 5A1D50162747DF9600A2CCB9 /* FantasyUI.framework */; };
		5A1D50262747DF9600A2CCB9 /* FantasyUITests.swift in Sources */ = {isa = PBXBuildFile; fileRef = 5A1D50252747DF9600A2CCB9 /* FantasyUITests.swift */; };
		5A1D50272747DF9600A2CCB9 /* FantasyUI.h in Headers */ = {isa = PBXBuildFile; fileRef = 5A1D50192747DF9600A2CCB9 /* FantasyUI.h */; settings = {ATTRIBUTES = (Public, ); }; };
		5A1D50432747E05F00A2CCB9 /* NavigationTools.swift in Sources */ = {isa = PBXBuildFile; fileRef = 5A1D50422747E05F00A2CCB9 /* NavigationTools.swift */; };
		5AF0B637274893570067C843 /* PF_Sheet.swift in Sources */ = {isa = PBXBuildFile; fileRef = 5AF0B636274893570067C843 /* PF_Sheet.swift */; };
		5AF0B639274893850067C843 /* PF_OffsetScrollView.swift in Sources */ = {isa = PBXBuildFile; fileRef = 5AF0B638274893850067C843 /* PF_OffsetScrollView.swift */; };
		5AF0B63B2748962F0067C843 /* Tools.swift in Sources */ = {isa = PBXBuildFile; fileRef = 5AF0B63A2748962F0067C843 /* Tools.swift */; };
		5AF0B63D274896660067C843 /* ViewModifiers.swift in Sources */ = {isa = PBXBuildFile; fileRef = 5AF0B63C274896660067C843 /* ViewModifiers.swift */; };
		5AF0B63F274897590067C843 /* CommonValues.swift in Sources */ = {isa = PBXBuildFile; fileRef = 5AF0B63E274897590067C843 /* CommonValues.swift */; };
		5AF0B66F2748EF430067C843 /* ViewExtensions.swift in Sources */ = {isa = PBXBuildFile; fileRef = 5AF0B66E2748EF420067C843 /* ViewExtensions.swift */; };
		5AF0B67727491F270067C843 /* ExampleApp.swift in Sources */ = {isa = PBXBuildFile; fileRef = 5AF0B67627491F270067C843 /* ExampleApp.swift */; };
		5AF0B67927491F270067C843 /* ContentView.swift in Sources */ = {isa = PBXBuildFile; fileRef = 5AF0B67827491F270067C843 /* ContentView.swift */; };
		5AF0B67B27491F280067C843 /* Assets.xcassets in Resources */ = {isa = PBXBuildFile; fileRef = 5AF0B67A27491F280067C843 /* Assets.xcassets */; };
		5AF0B67E27491F280067C843 /* Preview Assets.xcassets in Resources */ = {isa = PBXBuildFile; fileRef = 5AF0B67D27491F280067C843 /* Preview Assets.xcassets */; };
		5AF0B68027491F280067C843 /* Persistence.swift in Sources */ = {isa = PBXBuildFile; fileRef = 5AF0B67F27491F280067C843 /* Persistence.swift */; };
		5AF0B68327491F280067C843 /* Example.xcdatamodeld in Sources */ = {isa = PBXBuildFile; fileRef = 5AF0B68127491F280067C843 /* Example.xcdatamodeld */; };
		5AF0B6872749207C0067C843 /* ViewExtensions.swift in Sources */ = {isa = PBXBuildFile; fileRef = 5AF0B66E2748EF420067C843 /* ViewExtensions.swift */; };
		5AF0B6882749207C0067C843 /* NavigationTools.swift in Sources */ = {isa = PBXBuildFile; fileRef = 5A1D50422747E05F00A2CCB9 /* NavigationTools.swift */; };
		5AF0B6892749207C0067C843 /* Tools.swift in Sources */ = {isa = PBXBuildFile; fileRef = 5AF0B63A2748962F0067C843 /* Tools.swift */; };
		5AF0B68A2749207C0067C843 /* PF_OffsetScrollView.swift in Sources */ = {isa = PBXBuildFile; fileRef = 5AF0B638274893850067C843 /* PF_OffsetScrollView.swift */; };
		5AF0B68B2749207C0067C843 /* ViewModifiers.swift in Sources */ = {isa = PBXBuildFile; fileRef = 5AF0B63C274896660067C843 /* ViewModifiers.swift */; };
		5AF0B68C2749207C0067C843 /* CommonValues.swift in Sources */ = {isa = PBXBuildFile; fileRef = 5AF0B63E274897590067C843 /* CommonValues.swift */; };
		5AF0B68D2749207C0067C843 /* PF_Sheet.swift in Sources */ = {isa = PBXBuildFile; fileRef = 5AF0B636274893570067C843 /* PF_Sheet.swift */; };
/* End PBXBuildFile section */

/* Begin PBXContainerItemProxy section */
		5A1D50222747DF9600A2CCB9 /* PBXContainerItemProxy */ = {
			isa = PBXContainerItemProxy;
			containerPortal = 5A1D500D2747DF9600A2CCB9 /* Project object */;
			proxyType = 1;
			remoteGlobalIDString = 5A1D50152747DF9600A2CCB9;
			remoteInfo = FantasyUI;
		};
/* End PBXContainerItemProxy section */

/* Begin PBXFileReference section */
		5A1D50162747DF9600A2CCB9 /* FantasyUI.framework */ = {isa = PBXFileReference; explicitFileType = wrapper.framework; includeInIndex = 0; path = FantasyUI.framework; sourceTree = BUILT_PRODUCTS_DIR; };
		5A1D50192747DF9600A2CCB9 /* FantasyUI.h */ = {isa = PBXFileReference; lastKnownFileType = sourcecode.c.h; path = FantasyUI.h; sourceTree = "<group>"; };
		5A1D501A2747DF9600A2CCB9 /* FantasyUI.docc */ = {isa = PBXFileReference; lastKnownFileType = folder.documentationcatalog; path = FantasyUI.docc; sourceTree = "<group>"; };
		5A1D50202747DF9600A2CCB9 /* FantasyUITests.xctest */ = {isa = PBXFileReference; explicitFileType = wrapper.cfbundle; includeInIndex = 0; path = FantasyUITests.xctest; sourceTree = BUILT_PRODUCTS_DIR; };
		5A1D50252747DF9600A2CCB9 /* FantasyUITests.swift */ = {isa = PBXFileReference; lastKnownFileType = sourcecode.swift; path = FantasyUITests.swift; sourceTree = "<group>"; };
		5A1D50422747E05F00A2CCB9 /* NavigationTools.swift */ = {isa = PBXFileReference; lastKnownFileType = sourcecode.swift; path = NavigationTools.swift; sourceTree = "<group>"; };
		5AF0B636274893570067C843 /* PF_Sheet.swift */ = {isa = PBXFileReference; lastKnownFileType = sourcecode.swift; path = PF_Sheet.swift; sourceTree = "<group>"; };
		5AF0B638274893850067C843 /* PF_OffsetScrollView.swift */ = {isa = PBXFileReference; fileEncoding = 4; lastKnownFileType = sourcecode.swift; path = PF_OffsetScrollView.swift; sourceTree = "<group>"; };
		5AF0B63A2748962F0067C843 /* Tools.swift */ = {isa = PBXFileReference; lastKnownFileType = sourcecode.swift; path = Tools.swift; sourceTree = "<group>"; };
		5AF0B63C274896660067C843 /* ViewModifiers.swift */ = {isa = PBXFileReference; lastKnownFileType = sourcecode.swift; path = ViewModifiers.swift; sourceTree = "<group>"; };
		5AF0B63E274897590067C843 /* CommonValues.swift */ = {isa = PBXFileReference; lastKnownFileType = sourcecode.swift; path = CommonValues.swift; sourceTree = "<group>"; };
		5AF0B66E2748EF420067C843 /* ViewExtensions.swift */ = {isa = PBXFileReference; lastKnownFileType = sourcecode.swift; path = ViewExtensions.swift; sourceTree = "<group>"; };
		5AF0B67427491F270067C843 /* Example.app */ = {isa = PBXFileReference; explicitFileType = wrapper.application; includeInIndex = 0; path = Example.app; sourceTree = BUILT_PRODUCTS_DIR; };
		5AF0B67627491F270067C843 /* ExampleApp.swift */ = {isa = PBXFileReference; lastKnownFileType = sourcecode.swift; path = ExampleApp.swift; sourceTree = "<group>"; };
		5AF0B67827491F270067C843 /* ContentView.swift */ = {isa = PBXFileReference; lastKnownFileType = sourcecode.swift; path = ContentView.swift; sourceTree = "<group>"; };
		5AF0B67A27491F280067C843 /* Assets.xcassets */ = {isa = PBXFileReference; lastKnownFileType = folder.assetcatalog; path = Assets.xcassets; sourceTree = "<group>"; };
		5AF0B67D27491F280067C843 /* Preview Assets.xcassets */ = {isa = PBXFileReference; lastKnownFileType = folder.assetcatalog; path = "Preview Assets.xcassets"; sourceTree = "<group>"; };
		5AF0B67F27491F280067C843 /* Persistence.swift */ = {isa = PBXFileReference; lastKnownFileType = sourcecode.swift; path = Persistence.swift; sourceTree = "<group>"; };
		5AF0B68227491F280067C843 /* Example.xcdatamodel */ = {isa = PBXFileReference; lastKnownFileType = wrapper.xcdatamodel; path = Example.xcdatamodel; sourceTree = "<group>"; };
/* End PBXFileReference section */

/* Begin PBXFrameworksBuildPhase section */
		5A1D50132747DF9600A2CCB9 /* Frameworks */ = {
			isa = PBXFrameworksBuildPhase;
			buildActionMask = 2147483647;
			files = (
			);
			runOnlyForDeploymentPostprocessing = 0;
		};
		5A1D501D2747DF9600A2CCB9 /* Frameworks */ = {
			isa = PBXFrameworksBuildPhase;
			buildActionMask = 2147483647;
			files = (
				5A1D50212747DF9600A2CCB9 /* FantasyUI.framework in Frameworks */,
			);
			runOnlyForDeploymentPostprocessing = 0;
		};
		5AF0B67127491F270067C843 /* Frameworks */ = {
			isa = PBXFrameworksBuildPhase;
			buildActionMask = 2147483647;
			files = (
			);
			runOnlyForDeploymentPostprocessing = 0;
		};
/* End PBXFrameworksBuildPhase section */

/* Begin PBXGroup section */
		5A1D500C2747DF9600A2CCB9 = {
			isa = PBXGroup;
			children = (
				5A1D50182747DF9600A2CCB9 /* FantasyUI */,
				5A1D50242747DF9600A2CCB9 /* FantasyUITests */,
				5AF0B67527491F270067C843 /* Example */,
				5A1D50172747DF9600A2CCB9 /* Products */,
			);
			sourceTree = "<group>";
		};
		5A1D50172747DF9600A2CCB9 /* Products */ = {
			isa = PBXGroup;
			children = (
				5A1D50162747DF9600A2CCB9 /* FantasyUI.framework */,
				5A1D50202747DF9600A2CCB9 /* FantasyUITests.xctest */,
				5AF0B67427491F270067C843 /* Example.app */,
			);
			name = Products;
			sourceTree = "<group>";
		};
		5A1D50182747DF9600A2CCB9 /* FantasyUI */ = {
			isa = PBXGroup;
			children = (
				5A1D50192747DF9600A2CCB9 /* FantasyUI.h */,
				5A1D501A2747DF9600A2CCB9 /* FantasyUI.docc */,
				5A1D50422747E05F00A2CCB9 /* NavigationTools.swift */,
				5AF0B636274893570067C843 /* PF_Sheet.swift */,
				5AF0B638274893850067C843 /* PF_OffsetScrollView.swift */,
				5AF0B63A2748962F0067C843 /* Tools.swift */,
				5AF0B66E2748EF420067C843 /* ViewExtensions.swift */,
				5AF0B63C274896660067C843 /* ViewModifiers.swift */,
				5AF0B63E274897590067C843 /* CommonValues.swift */,
			);
			path = FantasyUI;
			sourceTree = "<group>";
		};
		5A1D50242747DF9600A2CCB9 /* FantasyUITests */ = {
			isa = PBXGroup;
			children = (
				5A1D50252747DF9600A2CCB9 /* FantasyUITests.swift */,
			);
			path = FantasyUITests;
			sourceTree = "<group>";
		};
		5AF0B67527491F270067C843 /* Example */ = {
			isa = PBXGroup;
			children = (
				5AF0B67627491F270067C843 /* ExampleApp.swift */,
				5AF0B67827491F270067C843 /* ContentView.swift */,
				5AF0B67A27491F280067C843 /* Assets.xcassets */,
				5AF0B67F27491F280067C843 /* Persistence.swift */,
				5AF0B68127491F280067C843 /* Example.xcdatamodeld */,
				5AF0B67C27491F280067C843 /* Preview Content */,
			);
			path = Example;
			sourceTree = "<group>";
		};
		5AF0B67C27491F280067C843 /* Preview Content */ = {
			isa = PBXGroup;
			children = (
				5AF0B67D27491F280067C843 /* Preview Assets.xcassets */,
			);
			path = "Preview Content";
			sourceTree = "<group>";
		};
/* End PBXGroup section */

/* Begin PBXHeadersBuildPhase section */
		5A1D50112747DF9600A2CCB9 /* Headers */ = {
			isa = PBXHeadersBuildPhase;
			buildActionMask = 2147483647;
			files = (
				5A1D50272747DF9600A2CCB9 /* FantasyUI.h in Headers */,
			);
			runOnlyForDeploymentPostprocessing = 0;
		};
/* End PBXHeadersBuildPhase section */

/* Begin PBXNativeTarget section */
		5A1D50152747DF9600A2CCB9 /* FantasyUI */ = {
			isa = PBXNativeTarget;
			buildConfigurationList = 5A1D502A2747DF9600A2CCB9 /* Build configuration list for PBXNativeTarget "FantasyUI" */;
			buildPhases = (
				5A1D50112747DF9600A2CCB9 /* Headers */,
				5A1D50122747DF9600A2CCB9 /* Sources */,
				5A1D50132747DF9600A2CCB9 /* Frameworks */,
				5A1D50142747DF9600A2CCB9 /* Resources */,
			);
			buildRules = (
			);
			dependencies = (
			);
			name = FantasyUI;
			productName = FantasyUI;
			productReference = 5A1D50162747DF9600A2CCB9 /* FantasyUI.framework */;
			productType = "com.apple.product-type.framework";
		};
		5A1D501F2747DF9600A2CCB9 /* FantasyUITests */ = {
			isa = PBXNativeTarget;
			buildConfigurationList = 5A1D502D2747DF9600A2CCB9 /* Build configuration list for PBXNativeTarget "FantasyUITests" */;
			buildPhases = (
				5A1D501C2747DF9600A2CCB9 /* Sources */,
				5A1D501D2747DF9600A2CCB9 /* Frameworks */,
				5A1D501E2747DF9600A2CCB9 /* Resources */,
			);
			buildRules = (
			);
			dependencies = (
				5A1D50232747DF9600A2CCB9 /* PBXTargetDependency */,
			);
			name = FantasyUITests;
			productName = FantasyUITests;
			productReference = 5A1D50202747DF9600A2CCB9 /* FantasyUITests.xctest */;
			productType = "com.apple.product-type.bundle.unit-test";
		};
		5AF0B67327491F270067C843 /* Example */ = {
			isa = PBXNativeTarget;
			buildConfigurationList = 5AF0B68627491F280067C843 /* Build configuration list for PBXNativeTarget "Example" */;
			buildPhases = (
				5AF0B67027491F270067C843 /* Sources */,
				5AF0B67127491F270067C843 /* Frameworks */,
				5AF0B67227491F270067C843 /* Resources */,
			);
			buildRules = (
			);
			dependencies = (
			);
			name = Example;
			productName = Example;
			productReference = 5AF0B67427491F270067C843 /* Example.app */;
			productType = "com.apple.product-type.application";
		};
/* End PBXNativeTarget section */

/* Begin PBXProject section */
		5A1D500D2747DF9600A2CCB9 /* Project object */ = {
			isa = PBXProject;
			attributes = {
				BuildIndependentTargetsInParallel = 1;
				LastSwiftUpdateCheck = 1310;
				LastUpgradeCheck = 1310;
				TargetAttributes = {
					5A1D50152747DF9600A2CCB9 = {
						CreatedOnToolsVersion = 13.1;
					};
					5A1D501F2747DF9600A2CCB9 = {
						CreatedOnToolsVersion = 13.1;
					};
					5AF0B67327491F270067C843 = {
						CreatedOnToolsVersion = 13.1;
					};
				};
			};
			buildConfigurationList = 5A1D50102747DF9600A2CCB9 /* Build configuration list for PBXProject "FantasyUI" */;
			compatibilityVersion = "Xcode 13.0";
			developmentRegion = en;
			hasScannedForEncodings = 0;
			knownRegions = (
				en,
				Base,
			);
			mainGroup = 5A1D500C2747DF9600A2CCB9;
			productRefGroup = 5A1D50172747DF9600A2CCB9 /* Products */;
			projectDirPath = "";
			projectRoot = "";
			targets = (
				5A1D50152747DF9600A2CCB9 /* FantasyUI */,
				5A1D501F2747DF9600A2CCB9 /* FantasyUITests */,
				5AF0B67327491F270067C843 /* Example */,
			);
		};
/* End PBXProject section */

/* Begin PBXResourcesBuildPhase section */
		5A1D50142747DF9600A2CCB9 /* Resources */ = {
			isa = PBXResourcesBuildPhase;
			buildActionMask = 2147483647;
			files = (
			);
			runOnlyForDeploymentPostprocessing = 0;
		};
		5A1D501E2747DF9600A2CCB9 /* Resources */ = {
			isa = PBXResourcesBuildPhase;
			buildActionMask = 2147483647;
			files = (
			);
			runOnlyForDeploymentPostprocessing = 0;
		};
		5AF0B67227491F270067C843 /* Resources */ = {
			isa = PBXResourcesBuildPhase;
			buildActionMask = 2147483647;
			files = (
				5AF0B67E27491F280067C843 /* Preview Assets.xcassets in Resources */,
				5AF0B67B27491F280067C843 /* Assets.xcassets in Resources */,
			);
			runOnlyForDeploymentPostprocessing = 0;
		};
/* End PBXResourcesBuildPhase section */

/* Begin PBXSourcesBuildPhase section */
		5A1D50122747DF9600A2CCB9 /* Sources */ = {
			isa = PBXSourcesBuildPhase;
			buildActionMask = 2147483647;
			files = (
				5A1D50432747E05F00A2CCB9 /* NavigationTools.swift in Sources */,
				5AF0B63F274897590067C843 /* CommonValues.swift in Sources */,
				5AF0B66F2748EF430067C843 /* ViewExtensions.swift in Sources */,
				5AF0B63D274896660067C843 /* ViewModifiers.swift in Sources */,
				5AF0B637274893570067C843 /* PF_Sheet.swift in Sources */,
				5AF0B639274893850067C843 /* PF_OffsetScrollView.swift in Sources */,
				5A1D501B2747DF9600A2CCB9 /* FantasyUI.docc in Sources */,
				5AF0B63B2748962F0067C843 /* Tools.swift in Sources */,
			);
			runOnlyForDeploymentPostprocessing = 0;
		};
		5A1D501C2747DF9600A2CCB9 /* Sources */ = {
			isa = PBXSourcesBuildPhase;
			buildActionMask = 2147483647;
			files = (
				5A1D50262747DF9600A2CCB9 /* FantasyUITests.swift in Sources */,
			);
			runOnlyForDeploymentPostprocessing = 0;
		};
		5AF0B67027491F270067C843 /* Sources */ = {
			isa = PBXSourcesBuildPhase;
			buildActionMask = 2147483647;
			files = (
				5AF0B68327491F280067C843 /* Example.xcdatamodeld in Sources */,
				5AF0B68027491F280067C843 /* Persistence.swift in Sources */,
				5AF0B68A2749207C0067C843 /* PF_OffsetScrollView.swift in Sources */,
				5AF0B68D2749207C0067C843 /* PF_Sheet.swift in Sources */,
				5AF0B68B2749207C0067C843 /* ViewModifiers.swift in Sources */,
				5AF0B67927491F270067C843 /* ContentView.swift in Sources */,
				5AF0B6872749207C0067C843 /* ViewExtensions.swift in Sources */,
				5AF0B68C2749207C0067C843 /* CommonValues.swift in Sources */,
				5AF0B6892749207C0067C843 /* Tools.swift in Sources */,
				5AF0B67727491F270067C843 /* ExampleApp.swift in Sources */,
				5AF0B6882749207C0067C843 /* NavigationTools.swift in Sources */,
			);
			runOnlyForDeploymentPostprocessing = 0;
		};
/* End PBXSourcesBuildPhase section */

/* Begin PBXTargetDependency section */
		5A1D50232747DF9600A2CCB9 /* PBXTargetDependency */ = {
			isa = PBXTargetDependency;
			target = 5A1D50152747DF9600A2CCB9 /* FantasyUI */;
			targetProxy = 5A1D50222747DF9600A2CCB9 /* PBXContainerItemProxy */;
		};
/* End PBXTargetDependency section */

/* Begin XCBuildConfiguration section */
		5A1D50282747DF9600A2CCB9 /* Debug */ = {
			isa = XCBuildConfiguration;
			buildSettings = {
				ALWAYS_SEARCH_USER_PATHS = NO;
				CLANG_ANALYZER_NONNULL = YES;
				CLANG_ANALYZER_NUMBER_OBJECT_CONVERSION = YES_AGGRESSIVE;
				CLANG_CXX_LANGUAGE_STANDARD = "gnu++17";
				CLANG_CXX_LIBRARY = "libc++";
				CLANG_ENABLE_MODULES = YES;
				CLANG_ENABLE_OBJC_ARC = YES;
				CLANG_ENABLE_OBJC_WEAK = YES;
				CLANG_WARN_BLOCK_CAPTURE_AUTORELEASING = YES;
				CLANG_WARN_BOOL_CONVERSION = YES;
				CLANG_WARN_COMMA = YES;
				CLANG_WARN_CONSTANT_CONVERSION = YES;
				CLANG_WARN_DEPRECATED_OBJC_IMPLEMENTATIONS = YES;
				CLANG_WARN_DIRECT_OBJC_ISA_USAGE = YES_ERROR;
				CLANG_WARN_DOCUMENTATION_COMMENTS = YES;
				CLANG_WARN_EMPTY_BODY = YES;
				CLANG_WARN_ENUM_CONVERSION = YES;
				CLANG_WARN_INFINITE_RECURSION = YES;
				CLANG_WARN_INT_CONVERSION = YES;
				CLANG_WARN_NON_LITERAL_NULL_CONVERSION = YES;
				CLANG_WARN_OBJC_IMPLICIT_RETAIN_SELF = YES;
				CLANG_WARN_OBJC_LITERAL_CONVERSION = YES;
				CLANG_WARN_OBJC_ROOT_CLASS = YES_ERROR;
				CLANG_WARN_QUOTED_INCLUDE_IN_FRAMEWORK_HEADER = YES;
				CLANG_WARN_RANGE_LOOP_ANALYSIS = YES;
				CLANG_WARN_STRICT_PROTOTYPES = YES;
				CLANG_WARN_SUSPICIOUS_MOVE = YES;
				CLANG_WARN_UNGUARDED_AVAILABILITY = YES_AGGRESSIVE;
				CLANG_WARN_UNREACHABLE_CODE = YES;
				CLANG_WARN__DUPLICATE_METHOD_MATCH = YES;
				COPY_PHASE_STRIP = NO;
				CURRENT_PROJECT_VERSION = 1;
				DEBUG_INFORMATION_FORMAT = dwarf;
				ENABLE_STRICT_OBJC_MSGSEND = YES;
				ENABLE_TESTABILITY = YES;
				GCC_C_LANGUAGE_STANDARD = gnu11;
				GCC_DYNAMIC_NO_PIC = NO;
				GCC_NO_COMMON_BLOCKS = YES;
				GCC_OPTIMIZATION_LEVEL = 0;
				GCC_PREPROCESSOR_DEFINITIONS = (
					"DEBUG=1",
					"$(inherited)",
				);
				GCC_WARN_64_TO_32_BIT_CONVERSION = YES;
				GCC_WARN_ABOUT_RETURN_TYPE = YES_ERROR;
				GCC_WARN_UNDECLARED_SELECTOR = YES;
				GCC_WARN_UNINITIALIZED_AUTOS = YES_AGGRESSIVE;
				GCC_WARN_UNUSED_FUNCTION = YES;
				GCC_WARN_UNUSED_VARIABLE = YES;
				IPHONEOS_DEPLOYMENT_TARGET = 14.1;
				MTL_ENABLE_DEBUG_INFO = INCLUDE_SOURCE;
				MTL_FAST_MATH = YES;
				ONLY_ACTIVE_ARCH = YES;
				SDKROOT = iphoneos;
				SWIFT_ACTIVE_COMPILATION_CONDITIONS = DEBUG;
				SWIFT_OPTIMIZATION_LEVEL = "-Onone";
				VERSIONING_SYSTEM = "apple-generic";
				VERSION_INFO_PREFIX = "";
			};
			name = Debug;
		};
		5A1D50292747DF9600A2CCB9 /* Release */ = {
			isa = XCBuildConfiguration;
			buildSettings = {
				ALWAYS_SEARCH_USER_PATHS = NO;
				CLANG_ANALYZER_NONNULL = YES;
				CLANG_ANALYZER_NUMBER_OBJECT_CONVERSION = YES_AGGRESSIVE;
				CLANG_CXX_LANGUAGE_STANDARD = "gnu++17";
				CLANG_CXX_LIBRARY = "libc++";
				CLANG_ENABLE_MODULES = YES;
				CLANG_ENABLE_OBJC_ARC = YES;
				CLANG_ENABLE_OBJC_WEAK = YES;
				CLANG_WARN_BLOCK_CAPTURE_AUTORELEASING = YES;
				CLANG_WARN_BOOL_CONVERSION = YES;
				CLANG_WARN_COMMA = YES;
				CLANG_WARN_CONSTANT_CONVERSION = YES;
				CLANG_WARN_DEPRECATED_OBJC_IMPLEMENTATIONS = YES;
				CLANG_WARN_DIRECT_OBJC_ISA_USAGE = YES_ERROR;
				CLANG_WARN_DOCUMENTATION_COMMENTS = YES;
				CLANG_WARN_EMPTY_BODY = YES;
				CLANG_WARN_ENUM_CONVERSION = YES;
				CLANG_WARN_INFINITE_RECURSION = YES;
				CLANG_WARN_INT_CONVERSION = YES;
				CLANG_WARN_NON_LITERAL_NULL_CONVERSION = YES;
				CLANG_WARN_OBJC_IMPLICIT_RETAIN_SELF = YES;
				CLANG_WARN_OBJC_LITERAL_CONVERSION = YES;
				CLANG_WARN_OBJC_ROOT_CLASS = YES_ERROR;
				CLANG_WARN_QUOTED_INCLUDE_IN_FRAMEWORK_HEADER = YES;
				CLANG_WARN_RANGE_LOOP_ANALYSIS = YES;
				CLANG_WARN_STRICT_PROTOTYPES = YES;
				CLANG_WARN_SUSPICIOUS_MOVE = YES;
				CLANG_WARN_UNGUARDED_AVAILABILITY = YES_AGGRESSIVE;
				CLANG_WARN_UNREACHABLE_CODE = YES;
				CLANG_WARN__DUPLICATE_METHOD_MATCH = YES;
				COPY_PHASE_STRIP = NO;
				CURRENT_PROJECT_VERSION = 1;
				DEBUG_INFORMATION_FORMAT = "dwarf-with-dsym";
				ENABLE_NS_ASSERTIONS = NO;
				ENABLE_STRICT_OBJC_MSGSEND = YES;
				GCC_C_LANGUAGE_STANDARD = gnu11;
				GCC_NO_COMMON_BLOCKS = YES;
				GCC_WARN_64_TO_32_BIT_CONVERSION = YES;
				GCC_WARN_ABOUT_RETURN_TYPE = YES_ERROR;
				GCC_WARN_UNDECLARED_SELECTOR = YES;
				GCC_WARN_UNINITIALIZED_AUTOS = YES_AGGRESSIVE;
				GCC_WARN_UNUSED_FUNCTION = YES;
				GCC_WARN_UNUSED_VARIABLE = YES;
				IPHONEOS_DEPLOYMENT_TARGET = 14.1;
				MTL_ENABLE_DEBUG_INFO = NO;
				MTL_FAST_MATH = YES;
				SDKROOT = iphoneos;
				SWIFT_COMPILATION_MODE = wholemodule;
				SWIFT_OPTIMIZATION_LEVEL = "-O";
				VALIDATE_PRODUCT = YES;
				VERSIONING_SYSTEM = "apple-generic";
				VERSION_INFO_PREFIX = "";
			};
			name = Release;
		};
		5A1D502B2747DF9600A2CCB9 /* Debug */ = {
			isa = XCBuildConfiguration;
			buildSettings = {
				CODE_SIGN_STYLE = Automatic;
				CURRENT_PROJECT_VERSION = 1;
				DEFINES_MODULE = YES;
				DEVELOPMENT_TEAM = 6UB6WM6VQR;
				DYLIB_COMPATIBILITY_VERSION = 1;
				DYLIB_CURRENT_VERSION = 1;
				DYLIB_INSTALL_NAME_BASE = "@rpath";
				GENERATE_INFOPLIST_FILE = YES;
				INFOPLIST_KEY_NSHumanReadableCopyright = "";
				INSTALL_PATH = "$(LOCAL_LIBRARY_DIR)/Frameworks";
				LD_RUNPATH_SEARCH_PATHS = (
					"$(inherited)",
					"@executable_path/Frameworks",
					"@loader_path/Frameworks",
				);
				MARKETING_VERSION = 1.0;
				PRODUCT_BUNDLE_IDENTIFIER = com.pruefantasy.FantasyUI;
				PRODUCT_NAME = "$(TARGET_NAME:c99extidentifier)";
				SKIP_INSTALL = YES;
				SUPPORTS_MACCATALYST = NO;
				SWIFT_EMIT_LOC_STRINGS = YES;
				SWIFT_VERSION = 5.0;
				TARGETED_DEVICE_FAMILY = 1;
			};
			name = Debug;
		};
		5A1D502C2747DF9600A2CCB9 /* Release */ = {
			isa = XCBuildConfiguration;
			buildSettings = {
				CODE_SIGN_STYLE = Automatic;
				CURRENT_PROJECT_VERSION = 1;
				DEFINES_MODULE = YES;
				DEVELOPMENT_TEAM = 6UB6WM6VQR;
				DYLIB_COMPATIBILITY_VERSION = 1;
				DYLIB_CURRENT_VERSION = 1;
				DYLIB_INSTALL_NAME_BASE = "@rpath";
				GENERATE_INFOPLIST_FILE = YES;
				INFOPLIST_KEY_NSHumanReadableCopyright = "";
				INSTALL_PATH = "$(LOCAL_LIBRARY_DIR)/Frameworks";
				LD_RUNPATH_SEARCH_PATHS = (
					"$(inherited)",
					"@executable_path/Frameworks",
					"@loader_path/Frameworks",
				);
				MARKETING_VERSION = 1.0;
				PRODUCT_BUNDLE_IDENTIFIER = com.pruefantasy.FantasyUI;
				PRODUCT_NAME = "$(TARGET_NAME:c99extidentifier)";
				SKIP_INSTALL = YES;
				SUPPORTS_MACCATALYST = NO;
				SWIFT_EMIT_LOC_STRINGS = YES;
				SWIFT_VERSION = 5.0;
				TARGETED_DEVICE_FAMILY = 1;
			};
			name = Release;
		};
		5A1D502E2747DF9600A2CCB9 /* Debug */ = {
			isa = XCBuildConfiguration;
			buildSettings = {
				ALWAYS_EMBED_SWIFT_STANDARD_LIBRARIES = YES;
				CODE_SIGN_STYLE = Automatic;
				CURRENT_PROJECT_VERSION = 1;
				DEVELOPMENT_TEAM = 6UB6WM6VQR;
				GENERATE_INFOPLIST_FILE = YES;
				LD_RUNPATH_SEARCH_PATHS = (
					"$(inherited)",
					"@executable_path/Frameworks",
					"@loader_path/Frameworks",
				);
				MARKETING_VERSION = 1.0;
				PRODUCT_BUNDLE_IDENTIFIER = com.pruefantasy.FantasyUITests;
				PRODUCT_NAME = "$(TARGET_NAME)";
				SWIFT_EMIT_LOC_STRINGS = NO;
				SWIFT_VERSION = 5.0;
				TARGETED_DEVICE_FAMILY = "1,2";
			};
			name = Debug;
		};
		5A1D502F2747DF9600A2CCB9 /* Release */ = {
			isa = XCBuildConfiguration;
			buildSettings = {
				ALWAYS_EMBED_SWIFT_STANDARD_LIBRARIES = YES;
				CODE_SIGN_STYLE = Automatic;
				CURRENT_PROJECT_VERSION = 1;
				DEVELOPMENT_TEAM = 6UB6WM6VQR;
				GENERATE_INFOPLIST_FILE = YES;
				LD_RUNPATH_SEARCH_PATHS = (
					"$(inherited)",
					"@executable_path/Frameworks",
					"@loader_path/Frameworks",
				);
				MARKETING_VERSION = 1.0;
				PRODUCT_BUNDLE_IDENTIFIER = com.pruefantasy.FantasyUITests;
				PRODUCT_NAME = "$(TARGET_NAME)";
				SWIFT_EMIT_LOC_STRINGS = NO;
				SWIFT_VERSION = 5.0;
				TARGETED_DEVICE_FAMILY = "1,2";
			};
			name = Release;
		};
		5AF0B68427491F280067C843 /* Debug */ = {
			isa = XCBuildConfiguration;
			buildSettings = {
				ASSETCATALOG_COMPILER_APPICON_NAME = AppIcon;
				ASSETCATALOG_COMPILER_GLOBAL_ACCENT_COLOR_NAME = AccentColor;
				CODE_SIGN_STYLE = Automatic;
				CURRENT_PROJECT_VERSION = 1;
				DEVELOPMENT_ASSET_PATHS = "\"Example/Preview Content\"";
				DEVELOPMENT_TEAM = 6UB6WM6VQR;
				ENABLE_PREVIEWS = YES;
				GENERATE_INFOPLIST_FILE = YES;
				INFOPLIST_KEY_UIApplicationSceneManifest_Generation = YES;
				INFOPLIST_KEY_UIApplicationSupportsIndirectInputEvents = YES;
				INFOPLIST_KEY_UILaunchScreen_Generation = YES;
				INFOPLIST_KEY_UISupportedInterfaceOrientations_iPad = "UIInterfaceOrientationPortrait UIInterfaceOrientationPortraitUpsideDown UIInterfaceOrientationLandscapeLeft UIInterfaceOrientationLandscapeRight";
				INFOPLIST_KEY_UISupportedInterfaceOrientations_iPhone = "UIInterfaceOrientationPortrait UIInterfaceOrientationLandscapeLeft UIInterfaceOrientationLandscapeRight";
				IPHONEOS_DEPLOYMENT_TARGET = 15.0;
				LD_RUNPATH_SEARCH_PATHS = (
					"$(inherited)",
					"@executable_path/Frameworks",
				);
				MARKETING_VERSION = 1.0;
				PRODUCT_BUNDLE_IDENTIFIER = com.pruefantasy.Example;
				PRODUCT_NAME = "$(TARGET_NAME)";
				SWIFT_EMIT_LOC_STRINGS = YES;
				SWIFT_VERSION = 5.0;
				TARGETED_DEVICE_FAMILY = "1,2";
			};
			name = Debug;
		};
		5AF0B68527491F280067C843 /* Release */ = {
			isa = XCBuildConfiguration;
			buildSettings = {
				ASSETCATALOG_COMPILER_APPICON_NAME = AppIcon;
				ASSETCATALOG_COMPILER_GLOBAL_ACCENT_COLOR_NAME = AccentColor;
				CODE_SIGN_STYLE = Automatic;
				CURRENT_PROJECT_VERSION = 1;
				DEVELOPMENT_ASSET_PATHS = "\"Example/Preview Content\"";
				DEVELOPMENT_TEAM = 6UB6WM6VQR;
				ENABLE_PREVIEWS = YES;
				GENERATE_INFOPLIST_FILE = YES;
				INFOPLIST_KEY_UIApplicationSceneManifest_Generation = YES;
				INFOPLIST_KEY_UIApplicationSupportsIndirectInputEvents = YES;
				INFOPLIST_KEY_UILaunchScreen_Generation = YES;
				INFOPLIST_KEY_UISupportedInterfaceOrientations_iPad = "UIInterfaceOrientationPortrait UIInterfaceOrientationPortraitUpsideDown UIInterfaceOrientationLandscapeLeft UIInterfaceOrientationLandscapeRight";
				INFOPLIST_KEY_UISupportedInterfaceOrientations_iPhone = "UIInterfaceOrientationPortrait UIInterfaceOrientationLandscapeLeft UIInterfaceOrientationLandscapeRight";
				IPHONEOS_DEPLOYMENT_TARGET = 15.0;
				LD_RUNPATH_SEARCH_PATHS = (
					"$(inherited)",
					"@executable_path/Frameworks",
				);
				MARKETING_VERSION = 1.0;
				PRODUCT_BUNDLE_IDENTIFIER = com.pruefantasy.Example;
				PRODUCT_NAME = "$(TARGET_NAME)";
				SWIFT_EMIT_LOC_STRINGS = YES;
				SWIFT_VERSION = 5.0;
				TARGETED_DEVICE_FAMILY = "1,2";
			};
			name = Release;
		};
/* End XCBuildConfiguration section */

/* Begin XCConfigurationList section */
		5A1D50102747DF9600A2CCB9 /* Build configuration list for PBXProject "FantasyUI" */ = {
			isa = XCConfigurationList;
			buildConfigurations = (
				5A1D50282747DF9600A2CCB9 /* Debug */,
				5A1D50292747DF9600A2CCB9 /* Release */,
			);
			defaultConfigurationIsVisible = 0;
			defaultConfigurationName = Release;
		};
		5A1D502A2747DF9600A2CCB9 /* Build configuration list for PBXNativeTarget "FantasyUI" */ = {
			isa = XCConfigurationList;
			buildConfigurations = (
				5A1D502B2747DF9600A2CCB9 /* Debug */,
				5A1D502C2747DF9600A2CCB9 /* Release */,
			);
			defaultConfigurationIsVisible = 0;
			defaultConfigurationName = Release;
		};
		5A1D502D2747DF9600A2CCB9 /* Build configuration list for PBXNativeTarget "FantasyUITests" */ = {
			isa = XCConfigurationList;
			buildConfigurations = (
				5A1D502E2747DF9600A2CCB9 /* Debug */,
				5A1D502F2747DF9600A2CCB9 /* Release */,
			);
			defaultConfigurationIsVisible = 0;
			defaultConfigurationName = Release;
		};
		5AF0B68627491F280067C843 /* Build configuration list for PBXNativeTarget "Example" */ = {
			isa = XCConfigurationList;
			buildConfigurations = (
				5AF0B68427491F280067C843 /* Debug */,
				5AF0B68527491F280067C843 /* Release */,
			);
			defaultConfigurationIsVisible = 0;
			defaultConfigurationName = Release;
		};
/* End XCConfigurationList section */

/* Begin XCVersionGroup section */
		5AF0B68127491F280067C843 /* Example.xcdatamodeld */ = {
			isa = XCVersionGroup;
			children = (
				5AF0B68227491F280067C843 /* Example.xcdatamodel */,
			);
			currentVersion = 5AF0B68227491F280067C843 /* Example.xcdatamodel */;
			path = Example.xcdatamodeld;
			sourceTree = "<group>";
			versionGroupType = wrapper.xcdatamodel;
		};
/* End XCVersionGroup section */
	};
	rootObject = 5A1D500D2747DF9600A2CCB9 /* Project object */;
}
